// !$*UTF8*$!
{
	archiveVersion = 1;
	classes = {
	};
	objectVersion = 46;
	objects = {

/* Begin PBXBuildFile section */
		E207DBFA1AA633E400A72385 /* Berechne.swift in Sources */ = {isa = PBXBuildFile; fileRef = E207DBF91AA633E400A72385 /* Berechne.swift */; };
		E207DBFC1AA6341E00A72385 /* löscheLetzteEingabe.swift in Sources */ = {isa = PBXBuildFile; fileRef = E207DBFB1AA6341E00A72385 /* löscheLetzteEingabe.swift */; };
		E207DBFE1AA6391A00A72385 /* kleinereFunktionen.swift in Sources */ = {isa = PBXBuildFile; fileRef = E207DBFD1AA6391A00A72385 /* kleinereFunktionen.swift */; };
		E2A011901A9A7E5C00D75C26 /* AppDelegate.swift in Sources */ = {isa = PBXBuildFile; fileRef = E2A0118F1A9A7E5C00D75C26 /* AppDelegate.swift */; };
		E2A011921A9A7E5C00D75C26 /* ViewController.swift in Sources */ = {isa = PBXBuildFile; fileRef = E2A011911A9A7E5C00D75C26 /* ViewController.swift */; };
		E2A011951A9A7E5C00D75C26 /* Main.storyboard in Resources */ = {isa = PBXBuildFile; fileRef = E2A011931A9A7E5C00D75C26 /* Main.storyboard */; };
		E2A011971A9A7E5C00D75C26 /* Images.xcassets in Resources */ = {isa = PBXBuildFile; fileRef = E2A011961A9A7E5C00D75C26 /* Images.xcassets */; };
		E2A0119A1A9A7E5C00D75C26 /* LaunchScreen.xib in Resources */ = {isa = PBXBuildFile; fileRef = E2A011981A9A7E5C00D75C26 /* LaunchScreen.xib */; };
		E2A011A61A9A7E5C00D75C26 /* erweiterter_TaschenrechnerTests.swift in Sources */ = {isa = PBXBuildFile; fileRef = E2A011A51A9A7E5C00D75C26 /* erweiterter_TaschenrechnerTests.swift */; };
		E2A7B85D1A9D2D4100531649 /* Extension : func.swift in Sources */ = {isa = PBXBuildFile; fileRef = E2A7B85C1A9D2D4100531649 /* Extension : func.swift */; };
		E2C2BE501AA7A2240028CA7F /* Klammern.swift in Sources */ = {isa = PBXBuildFile; fileRef = E2C2BE4F1AA7A2240028CA7F /* Klammern.swift */; };
/* End PBXBuildFile section */

/* Begin PBXContainerItemProxy section */
		E2A011A01A9A7E5C00D75C26 /* PBXContainerItemProxy */ = {
			isa = PBXContainerItemProxy;
			containerPortal = E2A011821A9A7E5C00D75C26 /* Project object */;
			proxyType = 1;
			remoteGlobalIDString = E2A011891A9A7E5C00D75C26;
			remoteInfo = "erweiterter Taschenrechner";
		};
/* End PBXContainerItemProxy section */

/* Begin PBXFileReference section */
		E207DBF91AA633E400A72385 /* Berechne.swift */ = {isa = PBXFileReference; fileEncoding = 4; lastKnownFileType = sourcecode.swift; path = Berechne.swift; sourceTree = "<group>"; };
		E207DBFB1AA6341E00A72385 /* löscheLetzteEingabe.swift */ = {isa = PBXFileReference; fileEncoding = 4; lastKnownFileType = sourcecode.swift; path = "löscheLetzteEingabe.swift"; sourceTree = "<group>"; };
		E207DBFD1AA6391A00A72385 /* kleinereFunktionen.swift */ = {isa = PBXFileReference; fileEncoding = 4; lastKnownFileType = sourcecode.swift; path = kleinereFunktionen.swift; sourceTree = "<group>"; };
		E251E1951A9EAC6100EB98C0 /* MyPlayground.playground */ = {isa = PBXFileReference; lastKnownFileType = file.playground; path = MyPlayground.playground; sourceTree = "<group>"; };
		E2A0118A1A9A7E5C00D75C26 /* erweiterter Taschenrechner.app */ = {isa = PBXFileReference; explicitFileType = wrapper.application; includeInIndex = 0; path = "erweiterter Taschenrechner.app"; sourceTree = BUILT_PRODUCTS_DIR; };
		E2A0118E1A9A7E5C00D75C26 /* Info.plist */ = {isa = PBXFileReference; lastKnownFileType = text.plist.xml; path = Info.plist; sourceTree = "<group>"; };
		E2A0118F1A9A7E5C00D75C26 /* AppDelegate.swift */ = {isa = PBXFileReference; lastKnownFileType = sourcecode.swift; path = AppDelegate.swift; sourceTree = "<group>"; };
		E2A011911A9A7E5C00D75C26 /* ViewController.swift */ = {isa = PBXFileReference; lastKnownFileType = sourcecode.swift; path = ViewController.swift; sourceTree = "<group>"; };
		E2A011941A9A7E5C00D75C26 /* Base */ = {isa = PBXFileReference; lastKnownFileType = file.storyboard; name = Base; path = Base.lproj/Main.storyboard; sourceTree = "<group>"; };
		E2A011961A9A7E5C00D75C26 /* Images.xcassets */ = {isa = PBXFileReference; lastKnownFileType = folder.assetcatalog; path = Images.xcassets; sourceTree = "<group>"; };
		E2A011991A9A7E5C00D75C26 /* Base */ = {isa = PBXFileReference; lastKnownFileType = file.xib; name = Base; path = Base.lproj/LaunchScreen.xib; sourceTree = "<group>"; };
		E2A0119F1A9A7E5C00D75C26 /* erweiterter TaschenrechnerTests.xctest */ = {isa = PBXFileReference; explicitFileType = wrapper.cfbundle; includeInIndex = 0; path = "erweiterter TaschenrechnerTests.xctest"; sourceTree = BUILT_PRODUCTS_DIR; };
		E2A011A41A9A7E5C00D75C26 /* Info.plist */ = {isa = PBXFileReference; lastKnownFileType = text.plist.xml; path = Info.plist; sourceTree = "<group>"; };
		E2A011A51A9A7E5C00D75C26 /* erweiterter_TaschenrechnerTests.swift */ = {isa = PBXFileReference; lastKnownFileType = sourcecode.swift; path = erweiterter_TaschenrechnerTests.swift; sourceTree = "<group>"; };
		E2A7B85C1A9D2D4100531649 /* Extension : func.swift */ = {isa = PBXFileReference; fileEncoding = 4; lastKnownFileType = sourcecode.swift; path = "Extension : func.swift"; sourceTree = "<group>"; };
		E2C2BE4F1AA7A2240028CA7F /* Klammern.swift */ = {isa = PBXFileReference; fileEncoding = 4; lastKnownFileType = sourcecode.swift; path = Klammern.swift; sourceTree = "<group>"; };
/* End PBXFileReference section */

/* Begin PBXFrameworksBuildPhase section */
		E2A011871A9A7E5C00D75C26 /* Frameworks */ = {
			isa = PBXFrameworksBuildPhase;
			buildActionMask = 2147483647;
			files = (
			);
			runOnlyForDeploymentPostprocessing = 0;
		};
		E2A0119C1A9A7E5C00D75C26 /* Frameworks */ = {
			isa = PBXFrameworksBuildPhase;
			buildActionMask = 2147483647;
			files = (
			);
			runOnlyForDeploymentPostprocessing = 0;
		};
/* End PBXFrameworksBuildPhase section */

/* Begin PBXGroup section */
		E2A011811A9A7E5C00D75C26 = {
			isa = PBXGroup;
			children = (
				E2A0118C1A9A7E5C00D75C26 /* erweiterter Taschenrechner */,
				E2A011A21A9A7E5C00D75C26 /* erweiterter TaschenrechnerTests */,
				E2A0118B1A9A7E5C00D75C26 /* Products */,
			);
			sourceTree = "<group>";
		};
		E2A0118B1A9A7E5C00D75C26 /* Products */ = {
			isa = PBXGroup;
			children = (
				E2A0118A1A9A7E5C00D75C26 /* erweiterter Taschenrechner.app */,
				E2A0119F1A9A7E5C00D75C26 /* erweiterter TaschenrechnerTests.xctest */,
			);
			name = Products;
			sourceTree = "<group>";
		};
		E2A0118C1A9A7E5C00D75C26 /* erweiterter Taschenrechner */ = {
			isa = PBXGroup;
			children = (
				E207DBF91AA633E400A72385 /* Berechne.swift */,
				E2A0118F1A9A7E5C00D75C26 /* AppDelegate.swift */,
				E2A7B85C1A9D2D4100531649 /* Extension : func.swift */,
				E2A011911A9A7E5C00D75C26 /* ViewController.swift */,
				E207DBFD1AA6391A00A72385 /* kleinereFunktionen.swift */,
				E207DBFB1AA6341E00A72385 /* löscheLetzteEingabe.swift */,
				E2A011931A9A7E5C00D75C26 /* Main.storyboard */,
				E2A011961A9A7E5C00D75C26 /* Images.xcassets */,
				E2A011981A9A7E5C00D75C26 /* LaunchScreen.xib */,
				E2A0118D1A9A7E5C00D75C26 /* Supporting Files */,
				E251E1951A9EAC6100EB98C0 /* MyPlayground.playground */,
				E2C2BE4F1AA7A2240028CA7F /* Klammern.swift */,
			);
			path = "erweiterter Taschenrechner";
			sourceTree = "<group>";
		};
		E2A0118D1A9A7E5C00D75C26 /* Supporting Files */ = {
			isa = PBXGroup;
			children = (
				E2A0118E1A9A7E5C00D75C26 /* Info.plist */,
			);
			name = "Supporting Files";
			sourceTree = "<group>";
		};
		E2A011A21A9A7E5C00D75C26 /* erweiterter TaschenrechnerTests */ = {
			isa = PBXGroup;
			children = (
				E2A011A51A9A7E5C00D75C26 /* erweiterter_TaschenrechnerTests.swift */,
				E2A011A31A9A7E5C00D75C26 /* Supporting Files */,
			);
			path = "erweiterter TaschenrechnerTests";
			sourceTree = "<group>";
		};
		E2A011A31A9A7E5C00D75C26 /* Supporting Files */ = {
			isa = PBXGroup;
			children = (
				E2A011A41A9A7E5C00D75C26 /* Info.plist */,
			);
			name = "Supporting Files";
			sourceTree = "<group>";
		};
/* End PBXGroup section */

/* Begin PBXNativeTarget section */
		E2A011891A9A7E5C00D75C26 /* erweiterter Taschenrechner */ = {
			isa = PBXNativeTarget;
			buildConfigurationList = E2A011A91A9A7E5C00D75C26 /* Build configuration list for PBXNativeTarget "erweiterter Taschenrechner" */;
			buildPhases = (
				E2A011861A9A7E5C00D75C26 /* Sources */,
				E2A011871A9A7E5C00D75C26 /* Frameworks */,
				E2A011881A9A7E5C00D75C26 /* Resources */,
			);
			buildRules = (
			);
			dependencies = (
			);
			name = "erweiterter Taschenrechner";
			productName = "erweiterter Taschenrechner";
			productReference = E2A0118A1A9A7E5C00D75C26 /* erweiterter Taschenrechner.app */;
			productType = "com.apple.product-type.application";
		};
		E2A0119E1A9A7E5C00D75C26 /* erweiterter TaschenrechnerTests */ = {
			isa = PBXNativeTarget;
			buildConfigurationList = E2A011AC1A9A7E5C00D75C26 /* Build configuration list for PBXNativeTarget "erweiterter TaschenrechnerTests" */;
			buildPhases = (
				E2A0119B1A9A7E5C00D75C26 /* Sources */,
				E2A0119C1A9A7E5C00D75C26 /* Frameworks */,
				E2A0119D1A9A7E5C00D75C26 /* Resources */,
			);
			buildRules = (
			);
			dependencies = (
				E2A011A11A9A7E5C00D75C26 /* PBXTargetDependency */,
			);
			name = "erweiterter TaschenrechnerTests";
			productName = "erweiterter TaschenrechnerTests";
			productReference = E2A0119F1A9A7E5C00D75C26 /* erweiterter TaschenrechnerTests.xctest */;
			productType = "com.apple.product-type.bundle.unit-test";
		};
/* End PBXNativeTarget section */

/* Begin PBXProject section */
		E2A011821A9A7E5C00D75C26 /* Project object */ = {
			isa = PBXProject;
			attributes = {
				LastUpgradeCheck = 0610;
				ORGANIZATIONNAME = "Tom Kumschier";
				TargetAttributes = {
					E2A011891A9A7E5C00D75C26 = {
						CreatedOnToolsVersion = 6.1.1;
					};
					E2A0119E1A9A7E5C00D75C26 = {
						CreatedOnToolsVersion = 6.1.1;
						TestTargetID = E2A011891A9A7E5C00D75C26;
					};
				};
			};
			buildConfigurationList = E2A011851A9A7E5C00D75C26 /* Build configuration list for PBXProject "erweiterter Taschenrechner" */;
			compatibilityVersion = "Xcode 3.2";
			developmentRegion = English;
			hasScannedForEncodings = 0;
			knownRegions = (
				en,
				Base,
			);
			mainGroup = E2A011811A9A7E5C00D75C26;
			productRefGroup = E2A0118B1A9A7E5C00D75C26 /* Products */;
			projectDirPath = "";
			projectRoot = "";
			targets = (
				E2A011891A9A7E5C00D75C26 /* erweiterter Taschenrechner */,
				E2A0119E1A9A7E5C00D75C26 /* erweiterter TaschenrechnerTests */,
			);
		};
/* End PBXProject section */

/* Begin PBXResourcesBuildPhase section */
		E2A011881A9A7E5C00D75C26 /* Resources */ = {
			isa = PBXResourcesBuildPhase;
			buildActionMask = 2147483647;
			files = (
				E2A011951A9A7E5C00D75C26 /* Main.storyboard in Resources */,
				E2A0119A1A9A7E5C00D75C26 /* LaunchScreen.xib in Resources */,
				E2A011971A9A7E5C00D75C26 /* Images.xcassets in Resources */,
			);
			runOnlyForDeploymentPostprocessing = 0;
		};
		E2A0119D1A9A7E5C00D75C26 /* Resources */ = {
			isa = PBXResourcesBuildPhase;
			buildActionMask = 2147483647;
			files = (
			);
			runOnlyForDeploymentPostprocessing = 0;
		};
/* End PBXResourcesBuildPhase section */

/* Begin PBXSourcesBuildPhase section */
		E2A011861A9A7E5C00D75C26 /* Sources */ = {
			isa = PBXSourcesBuildPhase;
			buildActionMask = 2147483647;
			files = (
				E2A7B85D1A9D2D4100531649 /* Extension : func.swift in Sources */,
				E207DBFE1AA6391A00A72385 /* kleinereFunktionen.swift in Sources */,
				E2C2BE501AA7A2240028CA7F /* Klammern.swift in Sources */,
				E2A011921A9A7E5C00D75C26 /* ViewController.swift in Sources */,
				E2A011901A9A7E5C00D75C26 /* AppDelegate.swift in Sources */,
				E207DBFA1AA633E400A72385 /* Berechne.swift in Sources */,
				E207DBFC1AA6341E00A72385 /* löscheLetzteEingabe.swift in Sources */,
			);
			runOnlyForDeploymentPostprocessing = 0;
		};
		E2A0119B1A9A7E5C00D75C26 /* Sources */ = {
			isa = PBXSourcesBuildPhase;
			buildActionMask = 2147483647;
			files = (
				E2A011A61A9A7E5C00D75C26 /* erweiterter_TaschenrechnerTests.swift in Sources */,
			);
			runOnlyForDeploymentPostprocessing = 0;
		};
/* End PBXSourcesBuildPhase section */

/* Begin PBXTargetDependency section */
		E2A011A11A9A7E5C00D75C26 /* PBXTargetDependency */ = {
			isa = PBXTargetDependency;
			target = E2A011891A9A7E5C00D75C26 /* erweiterter Taschenrechner */;
			targetProxy = E2A011A01A9A7E5C00D75C26 /* PBXContainerItemProxy */;
		};
/* End PBXTargetDependency section */

/* Begin PBXVariantGroup section */
		E2A011931A9A7E5C00D75C26 /* Main.storyboard */ = {
			isa = PBXVariantGroup;
			children = (
				E2A011941A9A7E5C00D75C26 /* Base */,
			);
			name = Main.storyboard;
			sourceTree = "<group>";
		};
		E2A011981A9A7E5C00D75C26 /* LaunchScreen.xib */ = {
			isa = PBXVariantGroup;
			children = (
				E2A011991A9A7E5C00D75C26 /* Base */,
			);
			name = LaunchScreen.xib;
			sourceTree = "<group>";
		};
/* End PBXVariantGroup section */

/* Begin XCBuildConfiguration section */
		E2A011A71A9A7E5C00D75C26 /* Debug */ = {
			isa = XCBuildConfiguration;
			buildSettings = {
				ALWAYS_SEARCH_USER_PATHS = NO;
				CLANG_CXX_LANGUAGE_STANDARD = "gnu++0x";
				CLANG_CXX_LIBRARY = "libc++";
				CLANG_ENABLE_MODULES = YES;
				CLANG_ENABLE_OBJC_ARC = YES;
				CLANG_WARN_BOOL_CONVERSION = YES;
				CLANG_WARN_CONSTANT_CONVERSION = YES;
				CLANG_WARN_DIRECT_OBJC_ISA_USAGE = YES_ERROR;
				CLANG_WARN_EMPTY_BODY = YES;
				CLANG_WARN_ENUM_CONVERSION = YES;
				CLANG_WARN_INT_CONVERSION = YES;
				CLANG_WARN_OBJC_ROOT_CLASS = YES_ERROR;
				CLANG_WARN_UNREACHABLE_CODE = YES;
				CLANG_WARN__DUPLICATE_METHOD_MATCH = YES;
				"CODE_SIGN_IDENTITY[sdk=iphoneos*]" = "iPhone Developer";
				COPY_PHASE_STRIP = NO;
				ENABLE_STRICT_OBJC_MSGSEND = YES;
				GCC_C_LANGUAGE_STANDARD = gnu99;
				GCC_DYNAMIC_NO_PIC = NO;
				GCC_OPTIMIZATION_LEVEL = 0;
				GCC_PREPROCESSOR_DEFINITIONS = (
					"DEBUG=1",
					"$(inherited)",
				);
				GCC_SYMBOLS_PRIVATE_EXTERN = NO;
				GCC_WARN_64_TO_32_BIT_CONVERSION = YES;
				GCC_WARN_ABOUT_RETURN_TYPE = YES_ERROR;
				GCC_WARN_UNDECLARED_SELECTOR = YES;
				GCC_WARN_UNINITIALIZED_AUTOS = YES_AGGRESSIVE;
				GCC_WARN_UNUSED_FUNCTION = YES;
				GCC_WARN_UNUSED_VARIABLE = YES;
				IPHONEOS_DEPLOYMENT_TARGET = 8.1;
				MTL_ENABLE_DEBUG_INFO = YES;
				ONLY_ACTIVE_ARCH = YES;
				SDKROOT = iphoneos;
				SWIFT_OPTIMIZATION_LEVEL = "-Onone";
			};
			name = Debug;
		};
		E2A011A81A9A7E5C00D75C26 /* Release */ = {
			isa = XCBuildConfiguration;
			buildSettings = {
				ALWAYS_SEARCH_USER_PATHS = NO;
				CLANG_CXX_LANGUAGE_STANDARD = "gnu++0x";
				CLANG_CXX_LIBRARY = "libc++";
				CLANG_ENABLE_MODULES = YES;
				CLANG_ENABLE_OBJC_ARC = YES;
				CLANG_WARN_BOOL_CONVERSION = YES;
				CLANG_WARN_CONSTANT_CONVERSION = YES;
				CLANG_WARN_DIRECT_OBJC_ISA_USAGE = YES_ERROR;
				CLANG_WARN_EMPTY_BODY = YES;
				CLANG_WARN_ENUM_CONVERSION = YES;
				CLANG_WARN_INT_CONVERSION = YES;
				CLANG_WARN_OBJC_ROOT_CLASS = YES_ERROR;
				CLANG_WARN_UNREACHABLE_CODE = YES;
				CLANG_WARN__DUPLICATE_METHOD_MATCH = YES;
				"CODE_SIGN_IDENTITY[sdk=iphoneos*]" = "iPhone Developer";
				COPY_PHASE_STRIP = YES;
				ENABLE_NS_ASSERTIONS = NO;
				ENABLE_STRICT_OBJC_MSGSEND = YES;
				GCC_C_LANGUAGE_STANDARD = gnu99;
				GCC_WARN_64_TO_32_BIT_CONVERSION = YES;
				GCC_WARN_ABOUT_RETURN_TYPE = YES_ERROR;
				GCC_WARN_UNDECLARED_SELECTOR = YES;
				GCC_WARN_UNINITIALIZED_AUTOS = YES_AGGRESSIVE;
				GCC_WARN_UNUSED_FUNCTION = YES;
				GCC_WARN_UNUSED_VARIABLE = YES;
				IPHONEOS_DEPLOYMENT_TARGET = 8.1;
				MTL_ENABLE_DEBUG_INFO = NO;
				SDKROOT = iphoneos;
				VALIDATE_PRODUCT = YES;
			};
			name = Release;
		};
		E2A011AA1A9A7E5C00D75C26 /* Debug */ = {
			isa = XCBuildConfiguration;
			buildSettings = {
				ASSETCATALOG_COMPILER_APPICON_NAME = AppIcon;
				FRAMEWORK_SEARCH_PATHS = (
					"$(inherited)",
					"$(USER_LIBRARY_DIR)/Developer/Xcode/DerivedData/Angelicornis-fzqugkbumyzyhegbbemdngvhcguz/Build/Products/Debug-iphonesimulator",
				);
				INFOPLIST_FILE = "erweiterter Taschenrechner/Info.plist";
				LD_RUNPATH_SEARCH_PATHS = "$(inherited) @executable_path/Frameworks";
				PRODUCT_NAME = "$(TARGET_NAME)";
			};
			name = Debug;
		};
		E2A011AB1A9A7E5C00D75C26 /* Release */ = {
			isa = XCBuildConfiguration;
			buildSettings = {
				ASSETCATALOG_COMPILER_APPICON_NAME = AppIcon;
				FRAMEWORK_SEARCH_PATHS = (
					"$(inherited)",
					"$(USER_LIBRARY_DIR)/Developer/Xcode/DerivedData/Angelicornis-fzqugkbumyzyhegbbemdngvhcguz/Build/Products/Debug-iphonesimulator",
				);
				INFOPLIST_FILE = "erweiterter Taschenrechner/Info.plist";
				LD_RUNPATH_SEARCH_PATHS = "$(inherited) @executable_path/Frameworks";
				PRODUCT_NAME = "$(TARGET_NAME)";
			};
			name = Release;
		};
		E2A011AD1A9A7E5C00D75C26 /* Debug */ = {
			isa = XCBuildConfiguration;
			buildSettings = {
				BUNDLE_LOADER = "$(TEST_HOST)";
				FRAMEWORK_SEARCH_PATHS = (
					"$(SDKROOT)/Developer/Library/Frameworks",
					"$(inherited)",
				);
				GCC_PREPROCESSOR_DEFINITIONS = (
					"DEBUG=1",
					"$(inherited)",
				);
				INFOPLIST_FILE = "erweiterter TaschenrechnerTests/Info.plist";
				LD_RUNPATH_SEARCH_PATHS = "$(inherited) @executable_path/Frameworks @loader_path/Frameworks";
				PRODUCT_NAME = "$(TARGET_NAME)";
				TEST_HOST = "$(BUILT_PRODUCTS_DIR)/erweiterter Taschenrechner.app/erweiterter Taschenrechner";
			};
			name = Debug;
		};
		E2A011AE1A9A7E5C00D75C26 /* Release */ = {
			isa = XCBuildConfiguration;
			buildSettings = {
				BUNDLE_LOADER = "$(TEST_HOST)";
				FRAMEWORK_SEARCH_PATHS = (
					"$(SDKROOT)/Developer/Library/Frameworks",
					"$(inherited)",
				);
				INFOPLIST_FILE = "erweiterter TaschenrechnerTests/Info.plist";
				LD_RUNPATH_SEARCH_PATHS = "$(inherited) @executable_path/Frameworks @loader_path/Frameworks";
				PRODUCT_NAME = "$(TARGET_NAME)";
				TEST_HOST = "$(BUILT_PRODUCTS_DIR)/erweiterter Taschenrechner.app/erweiterter Taschenrechner";
			};
			name = Release;
		};
/* End XCBuildConfiguration section */

/* Begin XCConfigurationList section */
		E2A011851A9A7E5C00D75C26 /* Build configuration list for PBXProject "erweiterter Taschenrechner" */ = {
			isa = XCConfigurationList;
			buildConfigurations = (
				E2A011A71A9A7E5C00D75C26 /* Debug */,
				E2A011A81A9A7E5C00D75C26 /* Release */,
			);
			defaultConfigurationIsVisible = 0;
			defaultConfigurationName = Release;
		};
		E2A011A91A9A7E5C00D75C26 /* Build configuration list for PBXNativeTarget "erweiterter Taschenrechner" */ = {
			isa = XCConfigurationList;
			buildConfigurations = (
				E2A011AA1A9A7E5C00D75C26 /* Debug */,
				E2A011AB1A9A7E5C00D75C26 /* Release */,
			);
			defaultConfigurationIsVisible = 0;
			defaultConfigurationName = Release;
		};
		E2A011AC1A9A7E5C00D75C26 /* Build configuration list for PBXNativeTarget "erweiterter TaschenrechnerTests" */ = {
			isa = XCConfigurationList;
			buildConfigurations = (
				E2A011AD1A9A7E5C00D75C26 /* Debug */,
				E2A011AE1A9A7E5C00D75C26 /* Release */,
			);
			defaultConfigurationIsVisible = 0;
			defaultConfigurationName = Release;
		};
/* End XCConfigurationList section */
	};
	rootObject = E2A011821A9A7E5C00D75C26 /* Project object */;
}
